
Microsoft Visual Studio Solution File, Format Version 12.00
# Visual Studio Version 16
VisualStudioVersion = 16.0.31112.23
MinimumVisualStudioVersion = 10.0.40219.1
Project("{FAE04EC0-301F-11D3-BF4B-00C04F79EFBC}") = "FileSharing", "FileSharing\FileSharing.csproj", "{983F00D3-CABA-47C9-813E-1D7ABD0778D5}"
EndProject
Global
	GlobalSection(SolutionConfigurationPlatforms) = preSolution
		Debug|Any CPU = Debug|Any CPU
		Release|Any CPU = Release|Any CPU
	EndGlobalSection
	GlobalSection(ProjectConfigurationPlatforms) = postSolution
		{983F00D3-CABA-47C9-813E-1D7ABD0778D5}.Debug|Any CPU.ActiveCfg = Debug|Any CPU
		{983F00D3-CABA-47C9-813E-1D7ABD0778D5}.Debug|Any CPU.Build.0 = Debug|Any CPU
		{983F00D3-CABA-47C9-813E-1D7ABD0778D5}.Release|Any CPU.ActiveCfg = Release|Any CPU
		{983F00D3-CABA-47C9-813E-1D7ABD0778D5}.Release|Any CPU.Build.0 = Release|Any CPU
	EndGlobalSection
	GlobalSection(SolutionProperties) = preSolution
		HideSolutionNode = FALSE
	EndGlobalSection
	GlobalSection(ExtensibilityGlobals) = postSolution
		SolutionGuid = {F14F707A-2939-4431-B8A3-473AD3157489}
	EndGlobalSection
EndGlobal
